
Microsoft Visual Studio Solution File, Format Version 12.00
# Visual Studio Version 17
VisualStudioVersion = 17.6.33829.357
MinimumVisualStudioVersion = 10.0.40219.1
Project("{9A19103F-16F7-4668-BE54-9A1E7A4F7556}") = "Calculator3", "Calculator3.csproj", "{14858AF6-F1EE-4214-ADF7-07503D425469}"
EndProject
Project("{8BC9CEB8-8B4A-11D0-8D11-00A0C91BC942}") = "CalculatorDll", "Core\CalculatorDll\CalculatorDll.vcxproj", "{DC03512F-6417-4C0E-9BE4-AB466D674E6E}"
EndProject
Global
	GlobalSection(SolutionConfigurationPlatforms) = preSolution
		Debug|Any CPU = Debug|Any CPU
		Debug|x64 = Debug|x64
		Debug|x86 = Debug|x86
		Release|Any CPU = Release|Any CPU
		Release|x64 = Release|x64
		Release|x86 = Release|x86
	EndGlobalSection
	GlobalSection(ProjectConfigurationPlatforms) = postSolution
		{14858AF6-F1EE-4214-ADF7-07503D425469}.Debug|Any CPU.ActiveCfg = Debug|Any CPU
		{14858AF6-F1EE-4214-ADF7-07503D425469}.Debug|Any CPU.Build.0 = Debug|Any CPU
		{14858AF6-F1EE-4214-ADF7-07503D425469}.Debug|x64.ActiveCfg = Debug|Any CPU
		{14858AF6-F1EE-4214-ADF7-07503D425469}.Debug|x64.Build.0 = Debug|Any CPU
		{14858AF6-F1EE-4214-ADF7-07503D425469}.Debug|x86.ActiveCfg = Debug|Any CPU
		{14858AF6-F1EE-4214-ADF7-07503D425469}.Debug|x86.Build.0 = Debug|Any CPU
		{14858AF6-F1EE-4214-ADF7-07503D425469}.Release|Any CPU.ActiveCfg = Release|Any CPU
		{14858AF6-F1EE-4214-ADF7-07503D425469}.Release|Any CPU.Build.0 = Release|Any CPU
		{14858AF6-F1EE-4214-ADF7-07503D425469}.Release|x64.ActiveCfg = Release|Any CPU
		{14858AF6-F1EE-4214-ADF7-07503D425469}.Release|x64.Build.0 = Release|Any CPU
		{14858AF6-F1EE-4214-ADF7-07503D425469}.Release|x86.ActiveCfg = Release|Any CPU
		{14858AF6-F1EE-4214-ADF7-07503D425469}.Release|x86.Build.0 = Release|Any CPU
		{DC03512F-6417-4C0E-9BE4-AB466D674E6E}.Debug|Any CPU.ActiveCfg = Debug|x64
		{DC03512F-6417-4C0E-9BE4-AB466D674E6E}.Debug|Any CPU.Build.0 = Debug|x64
		{DC03512F-6417-4C0E-9BE4-AB466D674E6E}.Debug|x64.ActiveCfg = Debug|x64
		{DC03512F-6417-4C0E-9BE4-AB466D674E6E}.Debug|x64.Build.0 = Debug|x64
		{DC03512F-6417-4C0E-9BE4-AB466D674E6E}.Debug|x86.ActiveCfg = Debug|Win32
		{DC03512F-6417-4C0E-9BE4-AB466D674E6E}.Debug|x86.Build.0 = Debug|Win32
		{DC03512F-6417-4C0E-9BE4-AB466D674E6E}.Release|Any CPU.ActiveCfg = Release|x64
		{DC03512F-6417-4C0E-9BE4-AB466D674E6E}.Release|Any CPU.Build.0 = Release|x64
		{DC03512F-6417-4C0E-9BE4-AB466D674E6E}.Release|x64.ActiveCfg = Release|x64
		{DC03512F-6417-4C0E-9BE4-AB466D674E6E}.Release|x64.Build.0 = Release|x64
		{DC03512F-6417-4C0E-9BE4-AB466D674E6E}.Release|x86.ActiveCfg = Release|Win32
		{DC03512F-6417-4C0E-9BE4-AB466D674E6E}.Release|x86.Build.0 = Release|Win32
	EndGlobalSection
	GlobalSection(SolutionProperties) = preSolution
		HideSolutionNode = FALSE
	EndGlobalSection
	GlobalSection(ExtensibilityGlobals) = postSolution
		SolutionGuid = {6AE448CD-46A1-438F-BA3B-AF6CBB3F129C}
	EndGlobalSection
EndGlobal
